Microsoft Visual Studio Solution File, Format Version 12.00
# Visual Studio 15
VisualStudioVersion = 15.0.27004.2005
MinimumVisualStudioVersion = 15.0.26124.0
Project("{2150E333-8FDC-42A3-9474-1A3956D46DE8}") = "test", "test", "{E378D1F9-230F-42FC-8C4D-9E87121A692D}"
EndProject
Project("{2150E333-8FDC-42A3-9474-1A3956D46DE8}") = "src", "src", "{77099CE0-FA74-47AE-B188-A73CBCF367B1}"
EndProject
Project("{9A19103F-16F7-4668-BE54-9A1E7A4F7556}") = "HealthGraphAPI.Tests", "test\HealthGraphAPI.Tests\HealthGraphAPI.Tests.csproj", "{22C6BDF1-9D76-44C2-9AC8-3D7F59FFAB92}"
EndProject
Project("{9A19103F-16F7-4668-BE54-9A1E7A4F7556}") = "HealthGraphAPI.Abstractions", "src\HealthGraphAPI.Abstractions\HealthGraphAPI.Abstractions.csproj", "{57739927-9EC0-4C96-874E-B93DB1897DA6}"
EndProject
Project("{9A19103F-16F7-4668-BE54-9A1E7A4F7556}") = "HealthGraphAPI.Core", "src\HealthGraphAPI.Core\HealthGraphAPI.Core.csproj", "{42179535-7979-49FD-B205-35FE6C03DE25}"
EndProject
Global
	GlobalSection(SolutionConfigurationPlatforms) = preSolution
		Debug|Any CPU = Debug|Any CPU
		Debug|x64 = Debug|x64
		Debug|x86 = Debug|x86
		Release|Any CPU = Release|Any CPU
		Release|x64 = Release|x64
		Release|x86 = Release|x86
	EndGlobalSection
	GlobalSection(ProjectConfigurationPlatforms) = postSolution
		{22C6BDF1-9D76-44C2-9AC8-3D7F59FFAB92}.Debug|Any CPU.ActiveCfg = Debug|Any CPU
		{22C6BDF1-9D76-44C2-9AC8-3D7F59FFAB92}.Debug|Any CPU.Build.0 = Debug|Any CPU
		{22C6BDF1-9D76-44C2-9AC8-3D7F59FFAB92}.Debug|x64.ActiveCfg = Debug|Any CPU
		{22C6BDF1-9D76-44C2-9AC8-3D7F59FFAB92}.Debug|x64.Build.0 = Debug|Any CPU
		{22C6BDF1-9D76-44C2-9AC8-3D7F59FFAB92}.Debug|x86.ActiveCfg = Debug|Any CPU
		{22C6BDF1-9D76-44C2-9AC8-3D7F59FFAB92}.Debug|x86.Build.0 = Debug|Any CPU
		{22C6BDF1-9D76-44C2-9AC8-3D7F59FFAB92}.Release|Any CPU.ActiveCfg = Release|Any CPU
		{22C6BDF1-9D76-44C2-9AC8-3D7F59FFAB92}.Release|Any CPU.Build.0 = Release|Any CPU
		{22C6BDF1-9D76-44C2-9AC8-3D7F59FFAB92}.Release|x64.ActiveCfg = Release|Any CPU
		{22C6BDF1-9D76-44C2-9AC8-3D7F59FFAB92}.Release|x64.Build.0 = Release|Any CPU
		{22C6BDF1-9D76-44C2-9AC8-3D7F59FFAB92}.Release|x86.ActiveCfg = Release|Any CPU
		{22C6BDF1-9D76-44C2-9AC8-3D7F59FFAB92}.Release|x86.Build.0 = Release|Any CPU
		{57739927-9EC0-4C96-874E-B93DB1897DA6}.Debug|Any CPU.ActiveCfg = Debug|Any CPU
		{57739927-9EC0-4C96-874E-B93DB1897DA6}.Debug|Any CPU.Build.0 = Debug|Any CPU
		{57739927-9EC0-4C96-874E-B93DB1897DA6}.Debug|x64.ActiveCfg = Debug|Any CPU
		{57739927-9EC0-4C96-874E-B93DB1897DA6}.Debug|x64.Build.0 = Debug|Any CPU
		{57739927-9EC0-4C96-874E-B93DB1897DA6}.Debug|x86.ActiveCfg = Debug|Any CPU
		{57739927-9EC0-4C96-874E-B93DB1897DA6}.Debug|x86.Build.0 = Debug|Any CPU
		{57739927-9EC0-4C96-874E-B93DB1897DA6}.Release|Any CPU.ActiveCfg = Release|Any CPU
		{57739927-9EC0-4C96-874E-B93DB1897DA6}.Release|Any CPU.Build.0 = Release|Any CPU
		{57739927-9EC0-4C96-874E-B93DB1897DA6}.Release|x64.ActiveCfg = Release|Any CPU
		{57739927-9EC0-4C96-874E-B93DB1897DA6}.Release|x64.Build.0 = Release|Any CPU
		{57739927-9EC0-4C96-874E-B93DB1897DA6}.Release|x86.ActiveCfg = Release|Any CPU
		{57739927-9EC0-4C96-874E-B93DB1897DA6}.Release|x86.Build.0 = Release|Any CPU
		{42179535-7979-49FD-B205-35FE6C03DE25}.Debug|Any CPU.ActiveCfg = Debug|Any CPU
		{42179535-7979-49FD-B205-35FE6C03DE25}.Debug|Any CPU.Build.0 = Debug|Any CPU
		{42179535-7979-49FD-B205-35FE6C03DE25}.Debug|x64.ActiveCfg = Debug|Any CPU
		{42179535-7979-49FD-B205-35FE6C03DE25}.Debug|x64.Build.0 = Debug|Any CPU
		{42179535-7979-49FD-B205-35FE6C03DE25}.Debug|x86.ActiveCfg = Debug|Any CPU
		{42179535-7979-49FD-B205-35FE6C03DE25}.Debug|x86.Build.0 = Debug|Any CPU
		{42179535-7979-49FD-B205-35FE6C03DE25}.Release|Any CPU.ActiveCfg = Release|Any CPU
		{42179535-7979-49FD-B205-35FE6C03DE25}.Release|Any CPU.Build.0 = Release|Any CPU
		{42179535-7979-49FD-B205-35FE6C03DE25}.Release|x64.ActiveCfg = Release|Any CPU
		{42179535-7979-49FD-B205-35FE6C03DE25}.Release|x64.Build.0 = Release|Any CPU
		{42179535-7979-49FD-B205-35FE6C03DE25}.Release|x86.ActiveCfg = Release|Any CPU
		{42179535-7979-49FD-B205-35FE6C03DE25}.Release|x86.Build.0 = Release|Any CPU
	EndGlobalSection
	GlobalSection(SolutionProperties) = preSolution
		HideSolutionNode = FALSE
	EndGlobalSection
	GlobalSection(NestedProjects) = preSolution
		{22C6BDF1-9D76-44C2-9AC8-3D7F59FFAB92} = {E378D1F9-230F-42FC-8C4D-9E87121A692D}
		{57739927-9EC0-4C96-874E-B93DB1897DA6} = {77099CE0-FA74-47AE-B188-A73CBCF367B1}
		{42179535-7979-49FD-B205-35FE6C03DE25} = {77099CE0-FA74-47AE-B188-A73CBCF367B1}
	EndGlobalSection
	GlobalSection(ExtensibilityGlobals) = postSolution
		SolutionGuid = {CF35E80C-226E-438C-85D6-E0F4F9F11459}
	EndGlobalSection
EndGlobal
